// !$*UTF8*$!
{
	archiveVersion = 1;
	classes = {
	};
	objectVersion = 46;
	objects = {

/* Begin PBXBuildFile section */
		306EACE11DDA57470036DD9D /* AppDelegate.swift in Sources */ = {isa = PBXBuildFile; fileRef = 306EACE01DDA57470036DD9D /* AppDelegate.swift */; };
		306EACE31DDA57470036DD9D /* ViewController.swift in Sources */ = {isa = PBXBuildFile; fileRef = 306EACE21DDA57470036DD9D /* ViewController.swift */; };
		306EACE61DDA57470036DD9D /* Main.storyboard in Resources */ = {isa = PBXBuildFile; fileRef = 306EACE41DDA57470036DD9D /* Main.storyboard */; };
		306EACE81DDA57470036DD9D /* Assets.xcassets in Resources */ = {isa = PBXBuildFile; fileRef = 306EACE71DDA57470036DD9D /* Assets.xcassets */; };
		306EACEB1DDA57470036DD9D /* LaunchScreen.storyboard in Resources */ = {isa = PBXBuildFile; fileRef = 306EACE91DDA57470036DD9D /* LaunchScreen.storyboard */; };
		306EACF61DDA57480036DD9D /* RGB_SlidersTests.swift in Sources */ = {isa = PBXBuildFile; fileRef = 306EACF51DDA57480036DD9D /* RGB_SlidersTests.swift */; };
		306EAD011DDA57480036DD9D /* RGB_SlidersUITests.swift in Sources */ = {isa = PBXBuildFile; fileRef = 306EAD001DDA57480036DD9D /* RGB_SlidersUITests.swift */; };
/* End PBXBuildFile section */

/* Begin PBXContainerItemProxy section */
		306EACF21DDA57480036DD9D /* PBXContainerItemProxy */ = {
			isa = PBXContainerItemProxy;
			containerPortal = 306EACD51DDA57470036DD9D /* Project object */;
			proxyType = 1;
			remoteGlobalIDString = 306EACDC1DDA57470036DD9D;
			remoteInfo = "RGB Sliders";
		};
		306EACFD1DDA57480036DD9D /* PBXContainerItemProxy */ = {
			isa = PBXContainerItemProxy;
			containerPortal = 306EACD51DDA57470036DD9D /* Project object */;
			proxyType = 1;
			remoteGlobalIDString = 306EACDC1DDA57470036DD9D;
			remoteInfo = "RGB Sliders";
		};
/* End PBXContainerItemProxy section */

/* Begin PBXFileReference section */
		306EACDD1DDA57470036DD9D /* RGB Sliders.app */ = {isa = PBXFileReference; explicitFileType = wrapper.application; includeInIndex = 0; path = "RGB Sliders.app"; sourceTree = BUILT_PRODUCTS_DIR; };
		306EACE01DDA57470036DD9D /* AppDelegate.swift */ = {isa = PBXFileReference; lastKnownFileType = sourcecode.swift; path = AppDelegate.swift; sourceTree = "<group>"; };
		306EACE21DDA57470036DD9D /* ViewController.swift */ = {isa = PBXFileReference; lastKnownFileType = sourcecode.swift; path = ViewController.swift; sourceTree = "<group>"; };
		306EACE51DDA57470036DD9D /* Base */ = {isa = PBXFileReference; lastKnownFileType = file.storyboard; name = Base; path = Base.lproj/Main.storyboard; sourceTree = "<group>"; };
		306EACE71DDA57470036DD9D /* Assets.xcassets */ = {isa = PBXFileReference; lastKnownFileType = folder.assetcatalog; path = Assets.xcassets; sourceTree = "<group>"; };
		306EACEA1DDA57470036DD9D /* Base */ = {isa = PBXFileReference; lastKnownFileType = file.storyboard; name = Base; path = Base.lproj/LaunchScreen.storyboard; sourceTree = "<group>"; };
		306EACEC1DDA57470036DD9D /* Info.plist */ = {isa = PBXFileReference; lastKnownFileType = text.plist.xml; path = Info.plist; sourceTree = "<group>"; };
		306EACF11DDA57480036DD9D /* RGB SlidersTests.xctest */ = {isa = PBXFileReference; explicitFileType = wrapper.cfbundle; includeInIndex = 0; path = "RGB SlidersTests.xctest"; sourceTree = BUILT_PRODUCTS_DIR; };
		306EACF51DDA57480036DD9D /* RGB_SlidersTests.swift */ = {isa = PBXFileReference; lastKnownFileType = sourcecode.swift; path = RGB_SlidersTests.swift; sourceTree = "<group>"; };
		306EACF71DDA57480036DD9D /* Info.plist */ = {isa = PBXFileReference; lastKnownFileType = text.plist.xml; path = Info.plist; sourceTree = "<group>"; };
		306EACFC1DDA57480036DD9D /* RGB SlidersUITests.xctest */ = {isa = PBXFileReference; explicitFileType = wrapper.cfbundle; includeInIndex = 0; path = "RGB SlidersUITests.xctest"; sourceTree = BUILT_PRODUCTS_DIR; };
		306EAD001DDA57480036DD9D /* RGB_SlidersUITests.swift */ = {isa = PBXFileReference; lastKnownFileType = sourcecode.swift; path = RGB_SlidersUITests.swift; sourceTree = "<group>"; };
		306EAD021DDA57480036DD9D /* Info.plist */ = {isa = PBXFileReference; lastKnownFileType = text.plist.xml; path = Info.plist; sourceTree = "<group>"; };
/* End PBXFileReference section */

/* Begin PBXFrameworksBuildPhase section */
		306EACDA1DDA57470036DD9D /* Frameworks */ = {
			isa = PBXFrameworksBuildPhase;
			buildActionMask = 2147483647;
			files = (
			);
			runOnlyForDeploymentPostprocessing = 0;
		};
		306EACEE1DDA57480036DD9D /* Frameworks */ = {
			isa = PBXFrameworksBuildPhase;
			buildActionMask = 2147483647;
			files = (
			);
			runOnlyForDeploymentPostprocessing = 0;
		};
		306EACF91DDA57480036DD9D /* Frameworks */ = {
			isa = PBXFrameworksBuildPhase;
			buildActionMask = 2147483647;
			files = (
			);
			runOnlyForDeploymentPostprocessing = 0;
		};
/* End PBXFrameworksBuildPhase section */

/* Begin PBXGroup section */
		306EACD41DDA57470036DD9D = {
			isa = PBXGroup;
			children = (
				306EACDF1DDA57470036DD9D /* RGB Sliders */,
				306EACF41DDA57480036DD9D /* RGB SlidersTests */,
				306EACFF1DDA57480036DD9D /* RGB SlidersUITests */,
				306EACDE1DDA57470036DD9D /* Products */,
			);
			sourceTree = "<group>";
		};
		306EACDE1DDA57470036DD9D /* Products */ = {
			isa = PBXGroup;
			children = (
				306EACDD1DDA57470036DD9D /* RGB Sliders.app */,
				306EACF11DDA57480036DD9D /* RGB SlidersTests.xctest */,
				306EACFC1DDA57480036DD9D /* RGB SlidersUITests.xctest */,
			);
			name = Products;
			sourceTree = "<group>";
		};
		306EACDF1DDA57470036DD9D /* RGB Sliders */ = {
			isa = PBXGroup;
			children = (
				306EACE01DDA57470036DD9D /* AppDelegate.swift */,
				306EACE21DDA57470036DD9D /* ViewController.swift */,
				306EACE41DDA57470036DD9D /* Main.storyboard */,
				306EACE71DDA57470036DD9D /* Assets.xcassets */,
				306EACE91DDA57470036DD9D /* LaunchScreen.storyboard */,
				306EACEC1DDA57470036DD9D /* Info.plist */,
			);
			path = "RGB Sliders";
			sourceTree = "<group>";
		};
		306EACF41DDA57480036DD9D /* RGB SlidersTests */ = {
			isa = PBXGroup;
			children = (
				306EACF51DDA57480036DD9D /* RGB_SlidersTests.swift */,
				306EACF71DDA57480036DD9D /* Info.plist */,
			);
			path = "RGB SlidersTests";
			sourceTree = "<group>";
		};
		306EACFF1DDA57480036DD9D /* RGB SlidersUITests */ = {
			isa = PBXGroup;
			children = (
				306EAD001DDA57480036DD9D /* RGB_SlidersUITests.swift */,
				306EAD021DDA57480036DD9D /* Info.plist */,
			);
			path = "RGB SlidersUITests";
			sourceTree = "<group>";
		};
/* End PBXGroup section */

/* Begin PBXNativeTarget section */
		306EACDC1DDA57470036DD9D /* RGB Sliders */ = {
			isa = PBXNativeTarget;
			buildConfigurationList = 306EAD051DDA57480036DD9D /* Build configuration list for PBXNativeTarget "RGB Sliders" */;
			buildPhases = (
				306EACD91DDA57470036DD9D /* Sources */,
				306EACDA1DDA57470036DD9D /* Frameworks */,
				306EACDB1DDA57470036DD9D /* Resources */,
			);
			buildRules = (
			);
			dependencies = (
			);
			name = "RGB Sliders";
			productName = "RGB Sliders";
			productReference = 306EACDD1DDA57470036DD9D /* RGB Sliders.app */;
			productType = "com.apple.product-type.application";
		};
		306EACF01DDA57480036DD9D /* RGB SlidersTests */ = {
			isa = PBXNativeTarget;
			buildConfigurationList = 306EAD081DDA57480036DD9D /* Build configuration list for PBXNativeTarget "RGB SlidersTests" */;
			buildPhases = (
				306EACED1DDA57480036DD9D /* Sources */,
				306EACEE1DDA57480036DD9D /* Frameworks */,
				306EACEF1DDA57480036DD9D /* Resources */,
			);
			buildRules = (
			);
			dependencies = (
				306EACF31DDA57480036DD9D /* PBXTargetDependency */,
			);
			name = "RGB SlidersTests";
			productName = "RGB SlidersTests";
			productReference = 306EACF11DDA57480036DD9D /* RGB SlidersTests.xctest */;
			productType = "com.apple.product-type.bundle.unit-test";
		};
		306EACFB1DDA57480036DD9D /* RGB SlidersUITests */ = {
			isa = PBXNativeTarget;
			buildConfigurationList = 306EAD0B1DDA57480036DD9D /* Build configuration list for PBXNativeTarget "RGB SlidersUITests" */;
			buildPhases = (
				306EACF81DDA57480036DD9D /* Sources */,
				306EACF91DDA57480036DD9D /* Frameworks */,
				306EACFA1DDA57480036DD9D /* Resources */,
			);
			buildRules = (
			);
			dependencies = (
				306EACFE1DDA57480036DD9D /* PBXTargetDependency */,
			);
			name = "RGB SlidersUITests";
			productName = "RGB SlidersUITests";
			productReference = 306EACFC1DDA57480036DD9D /* RGB SlidersUITests.xctest */;
			productType = "com.apple.product-type.bundle.ui-testing";
		};
/* End PBXNativeTarget section */

/* Begin PBXProject section */
		306EACD51DDA57470036DD9D /* Project object */ = {
			isa = PBXProject;
			attributes = {
				LastSwiftUpdateCheck = 0810;
				LastUpgradeCheck = 0810;
				ORGANIZATIONNAME = "David Shapiro";
				TargetAttributes = {
					306EACDC1DDA57470036DD9D = {
						CreatedOnToolsVersion = 8.1;
						ProvisioningStyle = Automatic;
					};
					306EACF01DDA57480036DD9D = {
						CreatedOnToolsVersion = 8.1;
						ProvisioningStyle = Automatic;
						TestTargetID = 306EACDC1DDA57470036DD9D;
					};
					306EACFB1DDA57480036DD9D = {
						CreatedOnToolsVersion = 8.1;
						ProvisioningStyle = Automatic;
						TestTargetID = 306EACDC1DDA57470036DD9D;
					};
				};
			};
			buildConfigurationList = 306EACD81DDA57470036DD9D /* Build configuration list for PBXProject "RGB Sliders" */;
			compatibilityVersion = "Xcode 3.2";
			developmentRegion = English;
			hasScannedForEncodings = 0;
			knownRegions = (
				en,
				Base,
			);
			mainGroup = 306EACD41DDA57470036DD9D;
			productRefGroup = 306EACDE1DDA57470036DD9D /* Products */;
			projectDirPath = "";
			projectRoot = "";
			targets = (
				306EACDC1DDA57470036DD9D /* RGB Sliders */,
				306EACF01DDA57480036DD9D /* RGB SlidersTests */,
				306EACFB1DDA57480036DD9D /* RGB SlidersUITests */,
			);
		};
/* End PBXProject section */

/* Begin PBXResourcesBuildPhase section */
		306EACDB1DDA57470036DD9D /* Resources */ = {
			isa = PBXResourcesBuildPhase;
			buildActionMask = 2147483647;
			files = (
				306EACEB1DDA57470036DD9D /* LaunchScreen.storyboard in Resources */,
				306EACE81DDA57470036DD9D /* Assets.xcassets in Resources */,
				306EACE61DDA57470036DD9D /* Main.storyboard in Resources */,
			);
			runOnlyForDeploymentPostprocessing = 0;
		};
		306EACEF1DDA57480036DD9D /* Resources */ = {
			isa = PBXResourcesBuildPhase;
			buildActionMask = 2147483647;
			files = (
			);
			runOnlyForDeploymentPostprocessing = 0;
		};
		306EACFA1DDA57480036DD9D /* Resources */ = {
			isa = PBXResourcesBuildPhase;
			buildActionMask = 2147483647;
			files = (
			);
			runOnlyForDeploymentPostprocessing = 0;
		};
/* End PBXResourcesBuildPhase section */

/* Begin PBXSourcesBuildPhase section */
		306EACD91DDA57470036DD9D /* Sources */ = {
			isa = PBXSourcesBuildPhase;
			buildActionMask = 2147483647;
			files = (
				306EACE31DDA57470036DD9D /* ViewController.swift in Sources */,
				306EACE11DDA57470036DD9D /* AppDelegate.swift in Sources */,
			);
			runOnlyForDeploymentPostprocessing = 0;
		};
		306EACED1DDA57480036DD9D /* Sources */ = {
			isa = PBXSourcesBuildPhase;
			buildActionMask = 2147483647;
			files = (
				306EACF61DDA57480036DD9D /* RGB_SlidersTests.swift in Sources */,
			);
			runOnlyForDeploymentPostprocessing = 0;
		};
		306EACF81DDA57480036DD9D /* Sources */ = {
			isa = PBXSourcesBuildPhase;
			buildActionMask = 2147483647;
			files = (
				306EAD011DDA57480036DD9D /* RGB_SlidersUITests.swift in Sources */,
			);
			runOnlyForDeploymentPostprocessing = 0;
		};
/* End PBXSourcesBuildPhase section */

/* Begin PBXTargetDependency section */
		306EACF31DDA57480036DD9D /* PBXTargetDependency */ = {
			isa = PBXTargetDependency;
			target = 306EACDC1DDA57470036DD9D /* RGB Sliders */;
			targetProxy = 306EACF21DDA57480036DD9D /* PBXContainerItemProxy */;
		};
		306EACFE1DDA57480036DD9D /* PBXTargetDependency */ = {
			isa = PBXTargetDependency;
			target = 306EACDC1DDA57470036DD9D /* RGB Sliders */;
			targetProxy = 306EACFD1DDA57480036DD9D /* PBXContainerItemProxy */;
		};
/* End PBXTargetDependency section */

/* Begin PBXVariantGroup section */
		306EACE41DDA57470036DD9D /* Main.storyboard */ = {
			isa = PBXVariantGroup;
			children = (
				306EACE51DDA57470036DD9D /* Base */,
			);
			name = Main.storyboard;
			sourceTree = "<group>";
		};
		306EACE91DDA57470036DD9D /* LaunchScreen.storyboard */ = {
			isa = PBXVariantGroup;
			children = (
				306EACEA1DDA57470036DD9D /* Base */,
			);
			name = LaunchScreen.storyboard;
			sourceTree = "<group>";
		};
/* End PBXVariantGroup section */

/* Begin XCBuildConfiguration section */
		306EAD031DDA57480036DD9D /* Debug */ = {
			isa = XCBuildConfiguration;
			buildSettings = {
				ALWAYS_SEARCH_USER_PATHS = NO;
				CLANG_ANALYZER_NONNULL = YES;
				CLANG_CXX_LANGUAGE_STANDARD = "gnu++0x";
				CLANG_CXX_LIBRARY = "libc++";
				CLANG_ENABLE_MODULES = YES;
				CLANG_ENABLE_OBJC_ARC = YES;
				CLANG_WARN_BOOL_CONVERSION = YES;
				CLANG_WARN_CONSTANT_CONVERSION = YES;
				CLANG_WARN_DIRECT_OBJC_ISA_USAGE = YES_ERROR;
				CLANG_WARN_DOCUMENTATION_COMMENTS = YES;
				CLANG_WARN_EMPTY_BODY = YES;
				CLANG_WARN_ENUM_CONVERSION = YES;
				CLANG_WARN_INFINITE_RECURSION = YES;
				CLANG_WARN_INT_CONVERSION = YES;
				CLANG_WARN_OBJC_ROOT_CLASS = YES_ERROR;
				CLANG_WARN_SUSPICIOUS_MOVES = YES;
				CLANG_WARN_UNREACHABLE_CODE = YES;
				CLANG_WARN__DUPLICATE_METHOD_MATCH = YES;
				"CODE_SIGN_IDENTITY[sdk=iphoneos*]" = "iPhone Developer";
				COPY_PHASE_STRIP = NO;
				DEBUG_INFORMATION_FORMAT = dwarf;
				ENABLE_STRICT_OBJC_MSGSEND = YES;
				ENABLE_TESTABILITY = YES;
				GCC_C_LANGUAGE_STANDARD = gnu99;
				GCC_DYNAMIC_NO_PIC = NO;
				GCC_NO_COMMON_BLOCKS = YES;
				GCC_OPTIMIZATION_LEVEL = 0;
				GCC_PREPROCESSOR_DEFINITIONS = (
					"DEBUG=1",
					"$(inherited)",
				);
				GCC_WARN_64_TO_32_BIT_CONVERSION = YES;
				GCC_WARN_ABOUT_RETURN_TYPE = YES_ERROR;
				GCC_WARN_UNDECLARED_SELECTOR = YES;
				GCC_WARN_UNINITIALIZED_AUTOS = YES_AGGRESSIVE;
				GCC_WARN_UNUSED_FUNCTION = YES;
				GCC_WARN_UNUSED_VARIABLE = YES;
				IPHONEOS_DEPLOYMENT_TARGET = 10.1;
				MTL_ENABLE_DEBUG_INFO = YES;
				ONLY_ACTIVE_ARCH = YES;
				SDKROOT = iphoneos;
				SWIFT_ACTIVE_COMPILATION_CONDITIONS = DEBUG;
				SWIFT_OPTIMIZATION_LEVEL = "-Onone";
			};
			name = Debug;
		};
		306EAD041DDA57480036DD9D /* Release */ = {
			isa = XCBuildConfiguration;
			buildSettings = {
				ALWAYS_SEARCH_USER_PATHS = NO;
				CLANG_ANALYZER_NONNULL = YES;
				CLANG_CXX_LANGUAGE_STANDARD = "gnu++0x";
				CLANG_CXX_LIBRARY = "libc++";
				CLANG_ENABLE_MODULES = YES;
				CLANG_ENABLE_OBJC_ARC = YES;
				CLANG_WARN_BOOL_CONVERSION = YES;
				CLANG_WARN_CONSTANT_CONVERSION = YES;
				CLANG_WARN_DIRECT_OBJC_ISA_USAGE = YES_ERROR;
				CLANG_WARN_DOCUMENTATION_COMMENTS = YES;
				CLANG_WARN_EMPTY_BODY = YES;
				CLANG_WARN_ENUM_CONVERSION = YES;
				CLANG_WARN_INFINITE_RECURSION = YES;
				CLANG_WARN_INT_CONVERSION = YES;
				CLANG_WARN_OBJC_ROOT_CLASS = YES_ERROR;
				CLANG_WARN_SUSPICIOUS_MOVES = YES;
				CLANG_WARN_UNREACHABLE_CODE = YES;
				CLANG_WARN__DUPLICATE_METHOD_MATCH = YES;
				"CODE_SIGN_IDENTITY[sdk=iphoneos*]" = "iPhone Developer";
				COPY_PHASE_STRIP = NO;
				DEBUG_INFORMATION_FORMAT = "dwarf-with-dsym";
				ENABLE_NS_ASSERTIONS = NO;
				ENABLE_STRICT_OBJC_MSGSEND = YES;
				GCC_C_LANGUAGE_STANDARD = gnu99;
				GCC_NO_COMMON_BLOCKS = YES;
				GCC_WARN_64_TO_32_BIT_CONVERSION = YES;
				GCC_WARN_ABOUT_RETURN_TYPE = YES_ERROR;
				GCC_WARN_UNDECLARED_SELECTOR = YES;
				GCC_WARN_UNINITIALIZED_AUTOS = YES_AGGRESSIVE;
				GCC_WARN_UNUSED_FUNCTION = YES;
				GCC_WARN_UNUSED_VARIABLE = YES;
				IPHONEOS_DEPLOYMENT_TARGET = 10.1;
				MTL_ENABLE_DEBUG_INFO = NO;
				SDKROOT = iphoneos;
				SWIFT_OPTIMIZATION_LEVEL = "-Owholemodule";
				VALIDATE_PRODUCT = YES;
			};
			name = Release;
		};
		306EAD061DDA57480036DD9D /* Debug */ = {
			isa = XCBuildConfiguration;
			buildSettings = {
				ASSETCATALOG_COMPILER_APPICON_NAME = AppIcon;
				INFOPLIST_FILE = "RGB Sliders/Info.plist";
				LD_RUNPATH_SEARCH_PATHS = "$(inherited) @executable_path/Frameworks";
				PRODUCT_BUNDLE_IDENTIFIER = "com.dshapiro.RGB-Sliders";
				PRODUCT_NAME = "$(TARGET_NAME)";
				SWIFT_VERSION = 3.0;
			};
			name = Debug;
		};
		306EAD071DDA57480036DD9D /* Release */ = {
			isa = XCBuildConfiguration;
			buildSettings = {
				ASSETCATALOG_COMPILER_APPICON_NAME = AppIcon;
				INFOPLIST_FILE = "RGB Sliders/Info.plist";
				LD_RUNPATH_SEARCH_PATHS = "$(inherited) @executable_path/Frameworks";
				PRODUCT_BUNDLE_IDENTIFIER = "com.dshapiro.RGB-Sliders";
				PRODUCT_NAME = "$(TARGET_NAME)";
				SWIFT_VERSION = 3.0;
			};
			name = Release;
		};
		306EAD091DDA57480036DD9D /* Debug */ = {
			isa = XCBuildConfiguration;
			buildSettings = {
				ALWAYS_EMBED_SWIFT_STANDARD_LIBRARIES = YES;
				BUNDLE_LOADER = "$(TEST_HOST)";
				INFOPLIST_FILE = "RGB SlidersTests/Info.plist";
				LD_RUNPATH_SEARCH_PATHS = "$(inherited) @executable_path/Frameworks @loader_path/Frameworks";
				PRODUCT_BUNDLE_IDENTIFIER = "com.dshapiro.RGB-SlidersTests";
				PRODUCT_NAME = "$(TARGET_NAME)";
				SWIFT_VERSION = 3.0;
				TEST_HOST = "$(BUILT_PRODUCTS_DIR)/RGB Sliders.app/RGB Sliders";
			};
			name = Debug;
		};
		306EAD0A1DDA57480036DD9D /* Release */ = {
			isa = XCBuildConfiguration;
			buildSettings = {
				ALWAYS_EMBED_SWIFT_STANDARD_LIBRARIES = YES;
				BUNDLE_LOADER = "$(TEST_HOST)";
				INFOPLIST_FILE = "RGB SlidersTests/Info.plist";
				LD_RUNPATH_SEARCH_PATHS = "$(inherited) @executable_path/Frameworks @loader_path/Frameworks";
				PRODUCT_BUNDLE_IDENTIFIER = "com.dshapiro.RGB-SlidersTests";
				PRODUCT_NAME = "$(TARGET_NAME)";
				SWIFT_VERSION = 3.0;
				TEST_HOST = "$(BUILT_PRODUCTS_DIR)/RGB Sliders.app/RGB Sliders";
			};
			name = Release;
		};
		306EAD0C1DDA57480036DD9D /* Debug */ = {
			isa = XCBuildConfiguration;
			buildSettings = {
				ALWAYS_EMBED_SWIFT_STANDARD_LIBRARIES = YES;
				INFOPLIST_FILE = "RGB SlidersUITests/Info.plist";
				LD_RUNPATH_SEARCH_PATHS = "$(inherited) @executable_path/Frameworks @loader_path/Frameworks";
				PRODUCT_BUNDLE_IDENTIFIER = "com.dshapiro.RGB-SlidersUITests";
				PRODUCT_NAME = "$(TARGET_NAME)";
				SWIFT_VERSION = 3.0;
				TEST_TARGET_NAME = "RGB Sliders";
			};
			name = Debug;
		};
		306EAD0D1DDA57480036DD9D /* Release */ = {
			isa = XCBuildConfiguration;
			buildSettings = {
				ALWAYS_EMBED_SWIFT_STANDARD_LIBRARIES = YES;
				INFOPLIST_FILE = "RGB SlidersUITests/Info.plist";
				LD_RUNPATH_SEARCH_PATHS = "$(inherited) @executable_path/Frameworks @loader_path/Frameworks";
				PRODUCT_BUNDLE_IDENTIFIER = "com.dshapiro.RGB-SlidersUITests";
				PRODUCT_NAME = "$(TARGET_NAME)";
				SWIFT_VERSION = 3.0;
				TEST_TARGET_NAME = "RGB Sliders";
			};
			name = Release;
		};
/* End XCBuildConfiguration section */

/* Begin XCConfigurationList section */
		306EACD81DDA57470036DD9D /* Build configuration list for PBXProject "RGB Sliders" */ = {
			isa = XCConfigurationList;
			buildConfigurations = (
				306EAD031DDA57480036DD9D /* Debug */,
				306EAD041DDA57480036DD9D /* Release */,
			);
			defaultConfigurationIsVisible = 0;
			defaultConfigurationName = Release;
		};
		306EAD051DDA57480036DD9D /* Build configuration list for PBXNativeTarget "RGB Sliders" */ = {
			isa = XCConfigurationList;
			buildConfigurations = (
				306EAD061DDA57480036DD9D /* Debug */,
				306EAD071DDA57480036DD9D /* Release */,
			);
			defaultConfigurationIsVisible = 0;
		};
		306EAD081DDA57480036DD9D /* Build configuration list for PBXNativeTarget "RGB SlidersTests" */ = {
			isa = XCConfigurationList;
			buildConfigurations = (
				306EAD091DDA57480036DD9D /* Debug */,
				306EAD0A1DDA57480036DD9D /* Release */,
			);
			defaultConfigurationIsVisible = 0;
		};
		306EAD0B1DDA57480036DD9D /* Build configuration list for PBXNativeTarget "RGB SlidersUITests" */ = {
			isa = XCConfigurationList;
			buildConfigurations = (
				306EAD0C1DDA57480036DD9D /* Debug */,
				306EAD0D1DDA57480036DD9D /* Release */,
			);
			defaultConfigurationIsVisible = 0;
		};
/* End XCConfigurationList section */
	};
	rootObject = 306EACD51DDA57470036DD9D /* Project object */;
}
